
Microsoft Visual Studio Solution File, Format Version 12.00
# Visual Studio Version 16
VisualStudioVersion = 16.0.30104.148
MinimumVisualStudioVersion = 10.0.40219.1
Project("{FAE04EC0-301F-11D3-BF4B-00C04F79EFBC}") = "React", "React\React.csproj", "{67BF4CCD-6486-4C58-B3DB-432AC08BA697}"
EndProject
Global
	GlobalSection(SolutionConfigurationPlatforms) = preSolution
		Debug|Any CPU = Debug|Any CPU
		Release|Any CPU = Release|Any CPU
	EndGlobalSection
	GlobalSection(ProjectConfigurationPlatforms) = postSolution
		{67BF4CCD-6486-4C58-B3DB-432AC08BA697}.Debug|Any CPU.ActiveCfg = Debug|Any CPU
		{67BF4CCD-6486-4C58-B3DB-432AC08BA697}.Debug|Any CPU.Build.0 = Debug|Any CPU
		{67BF4CCD-6486-4C58-B3DB-432AC08BA697}.Release|Any CPU.ActiveCfg = Release|Any CPU
		{67BF4CCD-6486-4C58-B3DB-432AC08BA697}.Release|Any CPU.Build.0 = Release|Any CPU
	EndGlobalSection
	GlobalSection(SolutionProperties) = preSolution
		HideSolutionNode = FALSE
	EndGlobalSection
	GlobalSection(ExtensibilityGlobals) = postSolution
		SolutionGuid = {D9E13797-CEE3-46D8-8610-F6E993A4C83A}
	EndGlobalSection
EndGlobal
